
Microsoft Visual Studio Solution File, Format Version 12.00
# Visual Studio Version 17
VisualStudioVersion = 17.5.33424.131
MinimumVisualStudioVersion = 10.0.40219.1
Project("{FAE04EC0-301F-11D3-BF4B-00C04F79EFBC}") = "Asrfly", "Asrfly\Asrfly.csproj", "{2F3E6B13-ECD9-4E03-9970-6381F6D79E71}"
EndProject
Project("{FAE04EC0-301F-11D3-BF4B-00C04F79EFBC}") = "Asrfly.Core", "Asrfly.Core\Asrfly.Core.csproj", "{A7D98A04-DFD3-4FBC-B7FB-1E5C900D141E}"
EndProject
Project("{FAE04EC0-301F-11D3-BF4B-00C04F79EFBC}") = "Asrfly.Data", "Asrfly.Data\Asrfly.Data.csproj", "{159C42FB-B8FA-4D48-8516-E40187A60757}"
EndProject
Project("{FAE04EC0-301F-11D3-BF4B-00C04F79EFBC}") = "Asrfly.Tests", "Asrfly.Tests\Asrfly.Tests.csproj", "{E3BD6585-3D9C-4F69-B268-A061AD958BC2}"
EndProject
Global
	GlobalSection(SolutionConfigurationPlatforms) = preSolution
		Debug|Any CPU = Debug|Any CPU
		Release|Any CPU = Release|Any CPU
	EndGlobalSection
	GlobalSection(ProjectConfigurationPlatforms) = postSolution
		{2F3E6B13-ECD9-4E03-9970-6381F6D79E71}.Debug|Any CPU.ActiveCfg = Debug|Any CPU
		{2F3E6B13-ECD9-4E03-9970-6381F6D79E71}.Debug|Any CPU.Build.0 = Debug|Any CPU
		{2F3E6B13-ECD9-4E03-9970-6381F6D79E71}.Release|Any CPU.ActiveCfg = Release|Any CPU
		{2F3E6B13-ECD9-4E03-9970-6381F6D79E71}.Release|Any CPU.Build.0 = Release|Any CPU
		{A7D98A04-DFD3-4FBC-B7FB-1E5C900D141E}.Debug|Any CPU.ActiveCfg = Debug|Any CPU
		{A7D98A04-DFD3-4FBC-B7FB-1E5C900D141E}.Debug|Any CPU.Build.0 = Debug|Any CPU
		{A7D98A04-DFD3-4FBC-B7FB-1E5C900D141E}.Release|Any CPU.ActiveCfg = Release|Any CPU
		{A7D98A04-DFD3-4FBC-B7FB-1E5C900D141E}.Release|Any CPU.Build.0 = Release|Any CPU
		{159C42FB-B8FA-4D48-8516-E40187A60757}.Debug|Any CPU.ActiveCfg = Debug|Any CPU
		{159C42FB-B8FA-4D48-8516-E40187A60757}.Debug|Any CPU.Build.0 = Debug|Any CPU
		{159C42FB-B8FA-4D48-8516-E40187A60757}.Release|Any CPU.ActiveCfg = Release|Any CPU
		{159C42FB-B8FA-4D48-8516-E40187A60757}.Release|Any CPU.Build.0 = Release|Any CPU
		{E3BD6585-3D9C-4F69-B268-A061AD958BC2}.Debug|Any CPU.ActiveCfg = Debug|Any CPU
		{E3BD6585-3D9C-4F69-B268-A061AD958BC2}.Debug|Any CPU.Build.0 = Debug|Any CPU
		{E3BD6585-3D9C-4F69-B268-A061AD958BC2}.Release|Any CPU.ActiveCfg = Release|Any CPU
		{E3BD6585-3D9C-4F69-B268-A061AD958BC2}.Release|Any CPU.Build.0 = Release|Any CPU
	EndGlobalSection
	GlobalSection(SolutionProperties) = preSolution
		HideSolutionNode = FALSE
	EndGlobalSection
	GlobalSection(ExtensibilityGlobals) = postSolution
		SolutionGuid = {3DCFC90E-DD0C-498C-B5A8-00D18C5A7B18}
	EndGlobalSection
EndGlobal
